
Microsoft Visual Studio Solution File, Format Version 12.00
# Visual Studio Version 17
VisualStudioVersion = 17.7.34009.444
MinimumVisualStudioVersion = 10.0.40219.1
Project("{FAE04EC0-301F-11D3-BF4B-00C04F79EFBC}") = "PriorityQueue_Project", "PriorityQueue_Project.csproj", "{340203B2-FCEC-418F-8821-FDC668729B68}"
EndProject
Global
	GlobalSection(SolutionConfigurationPlatforms) = preSolution
		Debug|Any CPU = Debug|Any CPU
		Release|Any CPU = Release|Any CPU
	EndGlobalSection
	GlobalSection(ProjectConfigurationPlatforms) = postSolution
		{340203B2-FCEC-418F-8821-FDC668729B68}.Debug|Any CPU.ActiveCfg = Debug|Any CPU
		{340203B2-FCEC-418F-8821-FDC668729B68}.Debug|Any CPU.Build.0 = Debug|Any CPU
		{340203B2-FCEC-418F-8821-FDC668729B68}.Release|Any CPU.ActiveCfg = Release|Any CPU
		{340203B2-FCEC-418F-8821-FDC668729B68}.Release|Any CPU.Build.0 = Release|Any CPU
	EndGlobalSection
	GlobalSection(SolutionProperties) = preSolution
		HideSolutionNode = FALSE
	EndGlobalSection
	GlobalSection(ExtensibilityGlobals) = postSolution
		SolutionGuid = {A633AC67-C7A6-4944-88EA-4ED1B5466CC9}
	EndGlobalSection
EndGlobal
